
Microsoft Visual Studio Solution File, Format Version 12.00
# Visual Studio Version 17
VisualStudioVersion = 17.2.32616.157
MinimumVisualStudioVersion = 10.0.40219.1
Project("{FAE04EC0-301F-11D3-BF4B-00C04F79EFBC}") = "P01_HospitalDatabase", "Code-First\P01_HospitalDatabase.csproj", "{BF5F78DC-AA78-4F5D-8734-439BE4E55E39}"
EndProject
Global
	GlobalSection(SolutionConfigurationPlatforms) = preSolution
		Debug|Any CPU = Debug|Any CPU
		Release|Any CPU = Release|Any CPU
	EndGlobalSection
	GlobalSection(ProjectConfigurationPlatforms) = postSolution
		{BF5F78DC-AA78-4F5D-8734-439BE4E55E39}.Debug|Any CPU.ActiveCfg = Debug|Any CPU
		{BF5F78DC-AA78-4F5D-8734-439BE4E55E39}.Debug|Any CPU.Build.0 = Debug|Any CPU
		{BF5F78DC-AA78-4F5D-8734-439BE4E55E39}.Release|Any CPU.ActiveCfg = Release|Any CPU
		{BF5F78DC-AA78-4F5D-8734-439BE4E55E39}.Release|Any CPU.Build.0 = Release|Any CPU
	EndGlobalSection
	GlobalSection(SolutionProperties) = preSolution
		HideSolutionNode = FALSE
	EndGlobalSection
	GlobalSection(ExtensibilityGlobals) = postSolution
		SolutionGuid = {B94018C7-6838-41FA-82A0-2309EDEB7D88}
	EndGlobalSection
EndGlobal
