
Microsoft Visual Studio Solution File, Format Version 12.00
# Visual Studio Version 16
VisualStudioVersion = 16.0.32428.217
MinimumVisualStudioVersion = 10.0.40219.1
Project("{FAE04EC0-301F-11D3-BF4B-00C04F79EFBC}") = "Shapes", "Shapes.csproj", "{319463E6-243A-4819-A3C9-74A85B3CB12A}"
EndProject
Project("{FAE04EC0-301F-11D3-BF4B-00C04F79EFBC}") = "Cars", "..\Cars\Cars.csproj", "{A4F5DA82-5E6C-4F16-B827-6A3CA8C8D1E8}"
EndProject
Global
	GlobalSection(SolutionConfigurationPlatforms) = preSolution
		Debug|Any CPU = Debug|Any CPU
		Release|Any CPU = Release|Any CPU
	EndGlobalSection
	GlobalSection(ProjectConfigurationPlatforms) = postSolution
		{319463E6-243A-4819-A3C9-74A85B3CB12A}.Debug|Any CPU.ActiveCfg = Debug|Any CPU
		{319463E6-243A-4819-A3C9-74A85B3CB12A}.Debug|Any CPU.Build.0 = Debug|Any CPU
		{319463E6-243A-4819-A3C9-74A85B3CB12A}.Release|Any CPU.ActiveCfg = Release|Any CPU
		{319463E6-243A-4819-A3C9-74A85B3CB12A}.Release|Any CPU.Build.0 = Release|Any CPU
		{A4F5DA82-5E6C-4F16-B827-6A3CA8C8D1E8}.Debug|Any CPU.ActiveCfg = Debug|Any CPU
		{A4F5DA82-5E6C-4F16-B827-6A3CA8C8D1E8}.Debug|Any CPU.Build.0 = Debug|Any CPU
		{A4F5DA82-5E6C-4F16-B827-6A3CA8C8D1E8}.Release|Any CPU.ActiveCfg = Release|Any CPU
		{A4F5DA82-5E6C-4F16-B827-6A3CA8C8D1E8}.Release|Any CPU.Build.0 = Release|Any CPU
	EndGlobalSection
	GlobalSection(SolutionProperties) = preSolution
		HideSolutionNode = FALSE
	EndGlobalSection
	GlobalSection(ExtensibilityGlobals) = postSolution
		SolutionGuid = {01E8DD2F-5014-4D32-8689-5EE99AA01FBE}
	EndGlobalSection
EndGlobal
