
Microsoft Visual Studio Solution File, Format Version 12.00
# Visual Studio Version 16
VisualStudioVersion = 16.0.32510.428
MinimumVisualStudioVersion = 10.0.40219.1
Project("{FAE04EC0-301F-11D3-BF4B-00C04F79EFBC}") = "Stealer", "Stealer\Stealer.csproj", "{CFA7348D-C917-48E4-A039-9A4B010E46D6}"
EndProject
Project("{FAE04EC0-301F-11D3-BF4B-00C04F79EFBC}") = "AuthorProblem", "AuthorProblem\AuthorProblem.csproj", "{2B839DF8-2A56-435A-BC02-B43C4BA3278D}"
EndProject
Global
	GlobalSection(SolutionConfigurationPlatforms) = preSolution
		Debug|Any CPU = Debug|Any CPU
		Release|Any CPU = Release|Any CPU
	EndGlobalSection
	GlobalSection(ProjectConfigurationPlatforms) = postSolution
		{CFA7348D-C917-48E4-A039-9A4B010E46D6}.Debug|Any CPU.ActiveCfg = Debug|Any CPU
		{CFA7348D-C917-48E4-A039-9A4B010E46D6}.Debug|Any CPU.Build.0 = Debug|Any CPU
		{CFA7348D-C917-48E4-A039-9A4B010E46D6}.Release|Any CPU.ActiveCfg = Release|Any CPU
		{CFA7348D-C917-48E4-A039-9A4B010E46D6}.Release|Any CPU.Build.0 = Release|Any CPU
		{2B839DF8-2A56-435A-BC02-B43C4BA3278D}.Debug|Any CPU.ActiveCfg = Debug|Any CPU
		{2B839DF8-2A56-435A-BC02-B43C4BA3278D}.Debug|Any CPU.Build.0 = Debug|Any CPU
		{2B839DF8-2A56-435A-BC02-B43C4BA3278D}.Release|Any CPU.ActiveCfg = Release|Any CPU
		{2B839DF8-2A56-435A-BC02-B43C4BA3278D}.Release|Any CPU.Build.0 = Release|Any CPU
	EndGlobalSection
	GlobalSection(SolutionProperties) = preSolution
		HideSolutionNode = FALSE
	EndGlobalSection
	GlobalSection(ExtensibilityGlobals) = postSolution
		SolutionGuid = {056082C6-358D-474A-A4DB-86F788C4F2C7}
	EndGlobalSection
EndGlobal
