
Microsoft Visual Studio Solution File, Format Version 12.00
# Visual Studio Version 17
VisualStudioVersion = 17.2.32616.157
MinimumVisualStudioVersion = 10.0.40219.1
Project("{FAE04EC0-301F-11D3-BF4B-00C04F79EFBC}") = "String-Mashup", "String-Mashup\String-Mashup.csproj", "{9CB18999-4EF4-498B-BDF3-2824CA834433}"
EndProject
Project("{FAE04EC0-301F-11D3-BF4B-00C04F79EFBC}") = "Rumors", "Rumors\Rumors.csproj", "{3766D5EF-B602-4A61-A633-79B0546BA8C1}"
EndProject
Project("{FAE04EC0-301F-11D3-BF4B-00C04F79EFBC}") = "BankRobbery", "BankRobbery\BankRobbery.csproj", "{10A03DC7-CF1F-4DE9-9289-CCA4E1E3E8E9}"
EndProject
Global
	GlobalSection(SolutionConfigurationPlatforms) = preSolution
		Debug|Any CPU = Debug|Any CPU
		Release|Any CPU = Release|Any CPU
	EndGlobalSection
	GlobalSection(ProjectConfigurationPlatforms) = postSolution
		{9CB18999-4EF4-498B-BDF3-2824CA834433}.Debug|Any CPU.ActiveCfg = Debug|Any CPU
		{9CB18999-4EF4-498B-BDF3-2824CA834433}.Debug|Any CPU.Build.0 = Debug|Any CPU
		{9CB18999-4EF4-498B-BDF3-2824CA834433}.Release|Any CPU.ActiveCfg = Release|Any CPU
		{9CB18999-4EF4-498B-BDF3-2824CA834433}.Release|Any CPU.Build.0 = Release|Any CPU
		{3766D5EF-B602-4A61-A633-79B0546BA8C1}.Debug|Any CPU.ActiveCfg = Debug|Any CPU
		{3766D5EF-B602-4A61-A633-79B0546BA8C1}.Debug|Any CPU.Build.0 = Debug|Any CPU
		{3766D5EF-B602-4A61-A633-79B0546BA8C1}.Release|Any CPU.ActiveCfg = Release|Any CPU
		{3766D5EF-B602-4A61-A633-79B0546BA8C1}.Release|Any CPU.Build.0 = Release|Any CPU
		{10A03DC7-CF1F-4DE9-9289-CCA4E1E3E8E9}.Debug|Any CPU.ActiveCfg = Debug|Any CPU
		{10A03DC7-CF1F-4DE9-9289-CCA4E1E3E8E9}.Debug|Any CPU.Build.0 = Debug|Any CPU
		{10A03DC7-CF1F-4DE9-9289-CCA4E1E3E8E9}.Release|Any CPU.ActiveCfg = Release|Any CPU
		{10A03DC7-CF1F-4DE9-9289-CCA4E1E3E8E9}.Release|Any CPU.Build.0 = Release|Any CPU
	EndGlobalSection
	GlobalSection(SolutionProperties) = preSolution
		HideSolutionNode = FALSE
	EndGlobalSection
	GlobalSection(ExtensibilityGlobals) = postSolution
		SolutionGuid = {0EA3B7B9-A358-45B2-A212-BAE5C9716CBC}
	EndGlobalSection
EndGlobal
