
Microsoft Visual Studio Solution File, Format Version 12.00
# Visual Studio Version 17
VisualStudioVersion = 17.2.32616.157
MinimumVisualStudioVersion = 10.0.40219.1
Project("{9A19103F-16F7-4668-BE54-9A1E7A4F7556}") = "SIS.Demo", "HTTP-Web-Server\SIS.Demo.csproj", "{A95EAE20-F9F4-4202-ABAA-A05222B9C59C}"
EndProject
Project("{9A19103F-16F7-4668-BE54-9A1E7A4F7556}") = "SIS.HTTP", "SIS.HTTP\SIS.HTTP.csproj", "{B25CD395-7ED3-42C0-B7A8-44A8AF3CCF20}"
EndProject
Project("{9A19103F-16F7-4668-BE54-9A1E7A4F7556}") = "SIS.WebServer", "SIS.WebServer\SIS.WebServer.csproj", "{A3A69103-C97D-47D6-9186-794F42515649}"
EndProject
Project("{FAE04EC0-301F-11D3-BF4B-00C04F79EFBC}") = "MVCFramework", "MVCFramework\MVCFramework.csproj", "{E6454CE2-137C-48FD-8CBE-1FC4453859B4}"
EndProject
Project("{FAE04EC0-301F-11D3-BF4B-00C04F79EFBC}") = "ViewEngine.Tests", "ViewEngine.Tests\ViewEngine.Tests.csproj", "{61376748-07D1-435E-9A29-5A79357031BD}"
EndProject
Global
	GlobalSection(SolutionConfigurationPlatforms) = preSolution
		Debug|Any CPU = Debug|Any CPU
		Release|Any CPU = Release|Any CPU
	EndGlobalSection
	GlobalSection(ProjectConfigurationPlatforms) = postSolution
		{A95EAE20-F9F4-4202-ABAA-A05222B9C59C}.Debug|Any CPU.ActiveCfg = Debug|Any CPU
		{A95EAE20-F9F4-4202-ABAA-A05222B9C59C}.Debug|Any CPU.Build.0 = Debug|Any CPU
		{A95EAE20-F9F4-4202-ABAA-A05222B9C59C}.Release|Any CPU.ActiveCfg = Release|Any CPU
		{A95EAE20-F9F4-4202-ABAA-A05222B9C59C}.Release|Any CPU.Build.0 = Release|Any CPU
		{B25CD395-7ED3-42C0-B7A8-44A8AF3CCF20}.Debug|Any CPU.ActiveCfg = Debug|Any CPU
		{B25CD395-7ED3-42C0-B7A8-44A8AF3CCF20}.Debug|Any CPU.Build.0 = Debug|Any CPU
		{B25CD395-7ED3-42C0-B7A8-44A8AF3CCF20}.Release|Any CPU.ActiveCfg = Release|Any CPU
		{B25CD395-7ED3-42C0-B7A8-44A8AF3CCF20}.Release|Any CPU.Build.0 = Release|Any CPU
		{A3A69103-C97D-47D6-9186-794F42515649}.Debug|Any CPU.ActiveCfg = Debug|Any CPU
		{A3A69103-C97D-47D6-9186-794F42515649}.Debug|Any CPU.Build.0 = Debug|Any CPU
		{A3A69103-C97D-47D6-9186-794F42515649}.Release|Any CPU.ActiveCfg = Release|Any CPU
		{A3A69103-C97D-47D6-9186-794F42515649}.Release|Any CPU.Build.0 = Release|Any CPU
		{E6454CE2-137C-48FD-8CBE-1FC4453859B4}.Debug|Any CPU.ActiveCfg = Debug|Any CPU
		{E6454CE2-137C-48FD-8CBE-1FC4453859B4}.Debug|Any CPU.Build.0 = Debug|Any CPU
		{E6454CE2-137C-48FD-8CBE-1FC4453859B4}.Release|Any CPU.ActiveCfg = Release|Any CPU
		{E6454CE2-137C-48FD-8CBE-1FC4453859B4}.Release|Any CPU.Build.0 = Release|Any CPU
		{61376748-07D1-435E-9A29-5A79357031BD}.Debug|Any CPU.ActiveCfg = Debug|Any CPU
		{61376748-07D1-435E-9A29-5A79357031BD}.Debug|Any CPU.Build.0 = Debug|Any CPU
		{61376748-07D1-435E-9A29-5A79357031BD}.Release|Any CPU.ActiveCfg = Release|Any CPU
		{61376748-07D1-435E-9A29-5A79357031BD}.Release|Any CPU.Build.0 = Release|Any CPU
	EndGlobalSection
	GlobalSection(SolutionProperties) = preSolution
		HideSolutionNode = FALSE
	EndGlobalSection
	GlobalSection(ExtensibilityGlobals) = postSolution
		SolutionGuid = {70568834-0226-4A5F-8437-7F2A18C9D2D1}
	EndGlobalSection
EndGlobal
