
Microsoft Visual Studio Solution File, Format Version 12.00
# Visual Studio Version 16
VisualStudioVersion = 16.0.32428.217
MinimumVisualStudioVersion = 10.0.40219.1
Project("{FAE04EC0-301F-11D3-BF4B-00C04F79EFBC}") = "CarManufacturer", "CarManufacturer.csproj", "{AA1327CC-B27B-4EF5-9727-F85D74A3BC2E}"
EndProject
Global
	GlobalSection(SolutionConfigurationPlatforms) = preSolution
		Debug|Any CPU = Debug|Any CPU
		Release|Any CPU = Release|Any CPU
	EndGlobalSection
	GlobalSection(ProjectConfigurationPlatforms) = postSolution
		{AA1327CC-B27B-4EF5-9727-F85D74A3BC2E}.Debug|Any CPU.ActiveCfg = Debug|Any CPU
		{AA1327CC-B27B-4EF5-9727-F85D74A3BC2E}.Debug|Any CPU.Build.0 = Debug|Any CPU
		{AA1327CC-B27B-4EF5-9727-F85D74A3BC2E}.Release|Any CPU.ActiveCfg = Release|Any CPU
		{AA1327CC-B27B-4EF5-9727-F85D74A3BC2E}.Release|Any CPU.Build.0 = Release|Any CPU
	EndGlobalSection
	GlobalSection(SolutionProperties) = preSolution
		HideSolutionNode = FALSE
	EndGlobalSection
	GlobalSection(ExtensibilityGlobals) = postSolution
		SolutionGuid = {94DA3921-1620-423F-961C-68F1F2AFC6C2}
	EndGlobalSection
EndGlobal
